
Microsoft Visual Studio Solution File, Format Version 12.00
# Visual Studio 15
VisualStudioVersion = 15.0.26430.16
MinimumVisualStudioVersion = 10.0.40219.1
Project("{FAE04EC0-301F-11D3-BF4B-00C04F79EFBC}") = "App.Client.Web", "App.Client.Web\App.Client.Web.csproj", "{95D0DC20-2C90-4FFE-ACDD-4F565776D979}"
EndProject
Project("{FAE04EC0-301F-11D3-BF4B-00C04F79EFBC}") = "App.Core", "App.Core\App.Core.csproj", "{A350525B-7765-48DE-B515-6E367A03B707}"
EndProject
Project("{FAE04EC0-301F-11D3-BF4B-00C04F79EFBC}") = "App.Data", "App.Data\App.Data.csproj", "{187E0EDE-5B19-4769-B041-5A19D882EA37}"
EndProject
Project("{FAE04EC0-301F-11D3-BF4B-00C04F79EFBC}") = "App.Services", "App.Services\App.Services.csproj", "{122C09C5-233B-40B3-821E-223CD8197BA9}"
EndProject
Project("{00D1A9C2-B5F0-4AF3-8072-F6C62B433612}") = "App.Database", "App.Database\App.Database.sqlproj", "{9BB9D445-2C9C-4BA5-97EC-C38C7A1EB014}"
EndProject
Global
	GlobalSection(SolutionConfigurationPlatforms) = preSolution
		Debug|Any CPU = Debug|Any CPU
		Release|Any CPU = Release|Any CPU
	EndGlobalSection
	GlobalSection(ProjectConfigurationPlatforms) = postSolution
		{95D0DC20-2C90-4FFE-ACDD-4F565776D979}.Debug|Any CPU.ActiveCfg = Debug|Any CPU
		{95D0DC20-2C90-4FFE-ACDD-4F565776D979}.Debug|Any CPU.Build.0 = Debug|Any CPU
		{95D0DC20-2C90-4FFE-ACDD-4F565776D979}.Release|Any CPU.ActiveCfg = Release|Any CPU
		{95D0DC20-2C90-4FFE-ACDD-4F565776D979}.Release|Any CPU.Build.0 = Release|Any CPU
		{A350525B-7765-48DE-B515-6E367A03B707}.Debug|Any CPU.ActiveCfg = Debug|Any CPU
		{A350525B-7765-48DE-B515-6E367A03B707}.Debug|Any CPU.Build.0 = Debug|Any CPU
		{A350525B-7765-48DE-B515-6E367A03B707}.Release|Any CPU.ActiveCfg = Release|Any CPU
		{A350525B-7765-48DE-B515-6E367A03B707}.Release|Any CPU.Build.0 = Release|Any CPU
		{187E0EDE-5B19-4769-B041-5A19D882EA37}.Debug|Any CPU.ActiveCfg = Debug|Any CPU
		{187E0EDE-5B19-4769-B041-5A19D882EA37}.Debug|Any CPU.Build.0 = Debug|Any CPU
		{187E0EDE-5B19-4769-B041-5A19D882EA37}.Release|Any CPU.ActiveCfg = Release|Any CPU
		{187E0EDE-5B19-4769-B041-5A19D882EA37}.Release|Any CPU.Build.0 = Release|Any CPU
		{122C09C5-233B-40B3-821E-223CD8197BA9}.Debug|Any CPU.ActiveCfg = Debug|Any CPU
		{122C09C5-233B-40B3-821E-223CD8197BA9}.Debug|Any CPU.Build.0 = Debug|Any CPU
		{122C09C5-233B-40B3-821E-223CD8197BA9}.Release|Any CPU.ActiveCfg = Release|Any CPU
		{122C09C5-233B-40B3-821E-223CD8197BA9}.Release|Any CPU.Build.0 = Release|Any CPU
		{9BB9D445-2C9C-4BA5-97EC-C38C7A1EB014}.Debug|Any CPU.ActiveCfg = Debug|Any CPU
		{9BB9D445-2C9C-4BA5-97EC-C38C7A1EB014}.Debug|Any CPU.Build.0 = Debug|Any CPU
		{9BB9D445-2C9C-4BA5-97EC-C38C7A1EB014}.Debug|Any CPU.Deploy.0 = Debug|Any CPU
		{9BB9D445-2C9C-4BA5-97EC-C38C7A1EB014}.Release|Any CPU.ActiveCfg = Release|Any CPU
		{9BB9D445-2C9C-4BA5-97EC-C38C7A1EB014}.Release|Any CPU.Build.0 = Release|Any CPU
		{9BB9D445-2C9C-4BA5-97EC-C38C7A1EB014}.Release|Any CPU.Deploy.0 = Release|Any CPU
	EndGlobalSection
	GlobalSection(SolutionProperties) = preSolution
		HideSolutionNode = FALSE
	EndGlobalSection
EndGlobal
